
Microsoft Visual Studio Solution File, Format Version 12.00
# Visual Studio Version 17
VisualStudioVersion = 17.14.36811.4 d17.14
MinimumVisualStudioVersion = 10.0.40219.1
Project("{FAE04EC0-301F-11D3-BF4B-00C04F79EFBC}") = "Homework9.1", "Homework9.1\Homework9.1.csproj", "{1AA5DDFD-E1E8-4C82-AD5A-4B841E071508}"
EndProject
Global
	GlobalSection(SolutionConfigurationPlatforms) = preSolution
		Debug|Any CPU = Debug|Any CPU
		Release|Any CPU = Release|Any CPU
	EndGlobalSection
	GlobalSection(ProjectConfigurationPlatforms) = postSolution
		{1AA5DDFD-E1E8-4C82-AD5A-4B841E071508}.Debug|Any CPU.ActiveCfg = Debug|Any CPU
		{1AA5DDFD-E1E8-4C82-AD5A-4B841E071508}.Debug|Any CPU.Build.0 = Debug|Any CPU
		{1AA5DDFD-E1E8-4C82-AD5A-4B841E071508}.Release|Any CPU.ActiveCfg = Release|Any CPU
		{1AA5DDFD-E1E8-4C82-AD5A-4B841E071508}.Release|Any CPU.Build.0 = Release|Any CPU
	EndGlobalSection
	GlobalSection(SolutionProperties) = preSolution
		HideSolutionNode = FALSE
	EndGlobalSection
	GlobalSection(ExtensibilityGlobals) = postSolution
		SolutionGuid = {C0699800-FE43-4477-9BCE-AA4E28C25C35}
	EndGlobalSection
EndGlobal
