
Microsoft Visual Studio Solution File, Format Version 12.00
# Visual Studio Version 17
VisualStudioVersion = 17.14.36804.6 d17.14
MinimumVisualStudioVersion = 10.0.40219.1
Project("{FAE04EC0-301F-11D3-BF4B-00C04F79EFBC}") = "Homework_task3", "Homework_task3\Homework_task3.csproj", "{7B3490BC-D178-40CD-8299-07456929BAA7}"
EndProject
Global
	GlobalSection(SolutionConfigurationPlatforms) = preSolution
		Debug|Any CPU = Debug|Any CPU
		Release|Any CPU = Release|Any CPU
	EndGlobalSection
	GlobalSection(ProjectConfigurationPlatforms) = postSolution
		{7B3490BC-D178-40CD-8299-07456929BAA7}.Debug|Any CPU.ActiveCfg = Debug|Any CPU
		{7B3490BC-D178-40CD-8299-07456929BAA7}.Debug|Any CPU.Build.0 = Debug|Any CPU
		{7B3490BC-D178-40CD-8299-07456929BAA7}.Release|Any CPU.ActiveCfg = Release|Any CPU
		{7B3490BC-D178-40CD-8299-07456929BAA7}.Release|Any CPU.Build.0 = Release|Any CPU
	EndGlobalSection
	GlobalSection(SolutionProperties) = preSolution
		HideSolutionNode = FALSE
	EndGlobalSection
	GlobalSection(ExtensibilityGlobals) = postSolution
		SolutionGuid = {CD19CE50-ECD7-4B01-8A17-1BF0FB63A647}
	EndGlobalSection
EndGlobal
