
Microsoft Visual Studio Solution File, Format Version 12.00
# Visual Studio Version 17
VisualStudioVersion = 17.14.36811.4 d17.14
MinimumVisualStudioVersion = 10.0.40219.1
Project("{FAE04EC0-301F-11D3-BF4B-00C04F79EFBC}") = "Homework9.3", "Homework9.3\Homework9.3.csproj", "{5F1A99FA-AA55-4507-B39A-C81B055127FE}"
EndProject
Global
	GlobalSection(SolutionConfigurationPlatforms) = preSolution
		Debug|Any CPU = Debug|Any CPU
		Release|Any CPU = Release|Any CPU
	EndGlobalSection
	GlobalSection(ProjectConfigurationPlatforms) = postSolution
		{5F1A99FA-AA55-4507-B39A-C81B055127FE}.Debug|Any CPU.ActiveCfg = Debug|Any CPU
		{5F1A99FA-AA55-4507-B39A-C81B055127FE}.Debug|Any CPU.Build.0 = Debug|Any CPU
		{5F1A99FA-AA55-4507-B39A-C81B055127FE}.Release|Any CPU.ActiveCfg = Release|Any CPU
		{5F1A99FA-AA55-4507-B39A-C81B055127FE}.Release|Any CPU.Build.0 = Release|Any CPU
	EndGlobalSection
	GlobalSection(SolutionProperties) = preSolution
		HideSolutionNode = FALSE
	EndGlobalSection
	GlobalSection(ExtensibilityGlobals) = postSolution
		SolutionGuid = {549C3D58-16A8-4609-B2CC-45250171BBEE}
	EndGlobalSection
EndGlobal
