
Microsoft Visual Studio Solution File, Format Version 12.00
# Visual Studio Version 17
VisualStudioVersion = 17.14.36811.4 d17.14
MinimumVisualStudioVersion = 10.0.40219.1
Project("{FAE04EC0-301F-11D3-BF4B-00C04F79EFBC}") = "Homework10.1", "Homework10.1\Homework10.1.csproj", "{86755D17-850C-493A-85E9-0CE6EAC8A9ED}"
EndProject
Global
	GlobalSection(SolutionConfigurationPlatforms) = preSolution
		Debug|Any CPU = Debug|Any CPU
		Release|Any CPU = Release|Any CPU
	EndGlobalSection
	GlobalSection(ProjectConfigurationPlatforms) = postSolution
		{86755D17-850C-493A-85E9-0CE6EAC8A9ED}.Debug|Any CPU.ActiveCfg = Debug|Any CPU
		{86755D17-850C-493A-85E9-0CE6EAC8A9ED}.Debug|Any CPU.Build.0 = Debug|Any CPU
		{86755D17-850C-493A-85E9-0CE6EAC8A9ED}.Release|Any CPU.ActiveCfg = Release|Any CPU
		{86755D17-850C-493A-85E9-0CE6EAC8A9ED}.Release|Any CPU.Build.0 = Release|Any CPU
	EndGlobalSection
	GlobalSection(SolutionProperties) = preSolution
		HideSolutionNode = FALSE
	EndGlobalSection
	GlobalSection(ExtensibilityGlobals) = postSolution
		SolutionGuid = {82C768BA-19C7-4F98-94E5-574AA5BC5D5F}
	EndGlobalSection
EndGlobal
