
Microsoft Visual Studio Solution File, Format Version 12.00
# Visual Studio Version 17
VisualStudioVersion = 17.14.36804.6 d17.14
MinimumVisualStudioVersion = 10.0.40219.1
Project("{FAE04EC0-301F-11D3-BF4B-00C04F79EFBC}") = "Homework7.1", "Homework7.1\Homework7.1.csproj", "{04582247-E8A1-482A-A175-389DDD28976E}"
EndProject
Global
	GlobalSection(SolutionConfigurationPlatforms) = preSolution
		Debug|Any CPU = Debug|Any CPU
		Release|Any CPU = Release|Any CPU
	EndGlobalSection
	GlobalSection(ProjectConfigurationPlatforms) = postSolution
		{04582247-E8A1-482A-A175-389DDD28976E}.Debug|Any CPU.ActiveCfg = Debug|Any CPU
		{04582247-E8A1-482A-A175-389DDD28976E}.Debug|Any CPU.Build.0 = Debug|Any CPU
		{04582247-E8A1-482A-A175-389DDD28976E}.Release|Any CPU.ActiveCfg = Release|Any CPU
		{04582247-E8A1-482A-A175-389DDD28976E}.Release|Any CPU.Build.0 = Release|Any CPU
	EndGlobalSection
	GlobalSection(SolutionProperties) = preSolution
		HideSolutionNode = FALSE
	EndGlobalSection
	GlobalSection(ExtensibilityGlobals) = postSolution
		SolutionGuid = {5587F9B0-8576-4FB5-83F7-280B97F8AA1C}
	EndGlobalSection
EndGlobal
